
Microsoft Visual Studio Solution File, Format Version 11.00
# Visual Studio 2010
Project("{FAE04EC0-301F-11D3-BF4B-00C04F79EFBC}") = "BikeTourImport", "BikeTourImport.csproj", "{E12C25C5-C092-41D8-A5A6-2FA2FC9537DF}"
EndProject
Project("{FAE04EC0-301F-11D3-BF4B-00C04F79EFBC}") = "Shared", "..\shared\Shared.csproj", "{3C1472AA-BD69-40E3-B226-0B172275FAB5}"
EndProject
Global
	GlobalSection(SolutionConfigurationPlatforms) = preSolution
		Debug Auto|Any CPU = Debug Auto|Any CPU
		Debug Auto|Mixed Platforms = Debug Auto|Mixed Platforms
		Debug Auto|x86 = Debug Auto|x86
		Debug Batch|Any CPU = Debug Batch|Any CPU
		Debug Batch|Mixed Platforms = Debug Batch|Mixed Platforms
		Debug Batch|x86 = Debug Batch|x86
		Debug Output|Any CPU = Debug Output|Any CPU
		Debug Output|Mixed Platforms = Debug Output|Mixed Platforms
		Debug Output|x86 = Debug Output|x86
		Debug PC Version|Any CPU = Debug PC Version|Any CPU
		Debug PC Version|Mixed Platforms = Debug PC Version|Mixed Platforms
		Debug PC Version|x86 = Debug PC Version|x86
		Debug XML|Any CPU = Debug XML|Any CPU
		Debug XML|Mixed Platforms = Debug XML|Mixed Platforms
		Debug XML|x86 = Debug XML|x86
		Debug_noNI|Any CPU = Debug_noNI|Any CPU
		Debug_noNI|Mixed Platforms = Debug_noNI|Mixed Platforms
		Debug_noNI|x86 = Debug_noNI|x86
		Debug_USBCAN|Any CPU = Debug_USBCAN|Any CPU
		Debug_USBCAN|Mixed Platforms = Debug_USBCAN|Mixed Platforms
		Debug_USBCAN|x86 = Debug_USBCAN|x86
		Debug|Any CPU = Debug|Any CPU
		Debug|Mixed Platforms = Debug|Mixed Platforms
		Debug|x86 = Debug|x86
		DebugAuto|Any CPU = DebugAuto|Any CPU
		DebugAuto|Mixed Platforms = DebugAuto|Mixed Platforms
		DebugAuto|x86 = DebugAuto|x86
		DebugGraph|Any CPU = DebugGraph|Any CPU
		DebugGraph|Mixed Platforms = DebugGraph|Mixed Platforms
		DebugGraph|x86 = DebugGraph|x86
		DebugPeak|Any CPU = DebugPeak|Any CPU
		DebugPeak|Mixed Platforms = DebugPeak|Mixed Platforms
		DebugPeak|x86 = DebugPeak|x86
		DebugVCAN|Any CPU = DebugVCAN|Any CPU
		DebugVCAN|Mixed Platforms = DebugVCAN|Mixed Platforms
		DebugVCAN|x86 = DebugVCAN|x86
		Release PC Version|Any CPU = Release PC Version|Any CPU
		Release PC Version|Mixed Platforms = Release PC Version|Mixed Platforms
		Release PC Version|x86 = Release PC Version|x86
		Release_noNI|Any CPU = Release_noNI|Any CPU
		Release_noNI|Mixed Platforms = Release_noNI|Mixed Platforms
		Release_noNI|x86 = Release_noNI|x86
		Release|Any CPU = Release|Any CPU
		Release|Mixed Platforms = Release|Mixed Platforms
		Release|x86 = Release|x86
		ReleasePeak|Any CPU = ReleasePeak|Any CPU
		ReleasePeak|Mixed Platforms = ReleasePeak|Mixed Platforms
		ReleasePeak|x86 = ReleasePeak|x86
	EndGlobalSection
	GlobalSection(ProjectConfigurationPlatforms) = postSolution
		{E12C25C5-C092-41D8-A5A6-2FA2FC9537DF}.Debug Auto|Any CPU.ActiveCfg = Debug|x86
		{E12C25C5-C092-41D8-A5A6-2FA2FC9537DF}.Debug Auto|Mixed Platforms.ActiveCfg = Debug|x86
		{E12C25C5-C092-41D8-A5A6-2FA2FC9537DF}.Debug Auto|Mixed Platforms.Build.0 = Debug|x86
		{E12C25C5-C092-41D8-A5A6-2FA2FC9537DF}.Debug Auto|x86.ActiveCfg = Debug|x86
		{E12C25C5-C092-41D8-A5A6-2FA2FC9537DF}.Debug Auto|x86.Build.0 = Debug|x86
		{E12C25C5-C092-41D8-A5A6-2FA2FC9537DF}.Debug Batch|Any CPU.ActiveCfg = Debug|x86
		{E12C25C5-C092-41D8-A5A6-2FA2FC9537DF}.Debug Batch|Mixed Platforms.ActiveCfg = Debug|x86
		{E12C25C5-C092-41D8-A5A6-2FA2FC9537DF}.Debug Batch|Mixed Platforms.Build.0 = Debug|x86
		{E12C25C5-C092-41D8-A5A6-2FA2FC9537DF}.Debug Batch|x86.ActiveCfg = Debug|x86
		{E12C25C5-C092-41D8-A5A6-2FA2FC9537DF}.Debug Batch|x86.Build.0 = Debug|x86
		{E12C25C5-C092-41D8-A5A6-2FA2FC9537DF}.Debug Output|Any CPU.ActiveCfg = Debug|x86
		{E12C25C5-C092-41D8-A5A6-2FA2FC9537DF}.Debug Output|Mixed Platforms.ActiveCfg = Debug|x86
		{E12C25C5-C092-41D8-A5A6-2FA2FC9537DF}.Debug Output|Mixed Platforms.Build.0 = Debug|x86
		{E12C25C5-C092-41D8-A5A6-2FA2FC9537DF}.Debug Output|x86.ActiveCfg = Debug|x86
		{E12C25C5-C092-41D8-A5A6-2FA2FC9537DF}.Debug Output|x86.Build.0 = Debug|x86
		{E12C25C5-C092-41D8-A5A6-2FA2FC9537DF}.Debug PC Version|Any CPU.ActiveCfg = Debug|x86
		{E12C25C5-C092-41D8-A5A6-2FA2FC9537DF}.Debug PC Version|Mixed Platforms.ActiveCfg = Debug|x86
		{E12C25C5-C092-41D8-A5A6-2FA2FC9537DF}.Debug PC Version|Mixed Platforms.Build.0 = Debug|x86
		{E12C25C5-C092-41D8-A5A6-2FA2FC9537DF}.Debug PC Version|x86.ActiveCfg = Debug|x86
		{E12C25C5-C092-41D8-A5A6-2FA2FC9537DF}.Debug PC Version|x86.Build.0 = Debug|x86
		{E12C25C5-C092-41D8-A5A6-2FA2FC9537DF}.Debug XML|Any CPU.ActiveCfg = Debug|x86
		{E12C25C5-C092-41D8-A5A6-2FA2FC9537DF}.Debug XML|Mixed Platforms.ActiveCfg = Debug|x86
		{E12C25C5-C092-41D8-A5A6-2FA2FC9537DF}.Debug XML|Mixed Platforms.Build.0 = Debug|x86
		{E12C25C5-C092-41D8-A5A6-2FA2FC9537DF}.Debug XML|x86.ActiveCfg = Debug|x86
		{E12C25C5-C092-41D8-A5A6-2FA2FC9537DF}.Debug XML|x86.Build.0 = Debug|x86
		{E12C25C5-C092-41D8-A5A6-2FA2FC9537DF}.Debug_noNI|Any CPU.ActiveCfg = Debug|x86
		{E12C25C5-C092-41D8-A5A6-2FA2FC9537DF}.Debug_noNI|Mixed Platforms.ActiveCfg = Debug|x86
		{E12C25C5-C092-41D8-A5A6-2FA2FC9537DF}.Debug_noNI|Mixed Platforms.Build.0 = Debug|x86
		{E12C25C5-C092-41D8-A5A6-2FA2FC9537DF}.Debug_noNI|x86.ActiveCfg = Debug|x86
		{E12C25C5-C092-41D8-A5A6-2FA2FC9537DF}.Debug_noNI|x86.Build.0 = Debug|x86
		{E12C25C5-C092-41D8-A5A6-2FA2FC9537DF}.Debug_USBCAN|Any CPU.ActiveCfg = Debug|x86
		{E12C25C5-C092-41D8-A5A6-2FA2FC9537DF}.Debug_USBCAN|Mixed Platforms.ActiveCfg = Debug|x86
		{E12C25C5-C092-41D8-A5A6-2FA2FC9537DF}.Debug_USBCAN|Mixed Platforms.Build.0 = Debug|x86
		{E12C25C5-C092-41D8-A5A6-2FA2FC9537DF}.Debug_USBCAN|x86.ActiveCfg = Debug|x86
		{E12C25C5-C092-41D8-A5A6-2FA2FC9537DF}.Debug_USBCAN|x86.Build.0 = Debug|x86
		{E12C25C5-C092-41D8-A5A6-2FA2FC9537DF}.Debug|Any CPU.ActiveCfg = Debug|x86
		{E12C25C5-C092-41D8-A5A6-2FA2FC9537DF}.Debug|Mixed Platforms.ActiveCfg = Debug|x86
		{E12C25C5-C092-41D8-A5A6-2FA2FC9537DF}.Debug|Mixed Platforms.Build.0 = Debug|x86
		{E12C25C5-C092-41D8-A5A6-2FA2FC9537DF}.Debug|x86.ActiveCfg = Debug|x86
		{E12C25C5-C092-41D8-A5A6-2FA2FC9537DF}.Debug|x86.Build.0 = Debug|x86
		{E12C25C5-C092-41D8-A5A6-2FA2FC9537DF}.DebugAuto|Any CPU.ActiveCfg = Debug|x86
		{E12C25C5-C092-41D8-A5A6-2FA2FC9537DF}.DebugAuto|Mixed Platforms.ActiveCfg = Debug|x86
		{E12C25C5-C092-41D8-A5A6-2FA2FC9537DF}.DebugAuto|Mixed Platforms.Build.0 = Debug|x86
		{E12C25C5-C092-41D8-A5A6-2FA2FC9537DF}.DebugAuto|x86.ActiveCfg = Debug|x86
		{E12C25C5-C092-41D8-A5A6-2FA2FC9537DF}.DebugAuto|x86.Build.0 = Debug|x86
		{E12C25C5-C092-41D8-A5A6-2FA2FC9537DF}.DebugGraph|Any CPU.ActiveCfg = Debug|x86
		{E12C25C5-C092-41D8-A5A6-2FA2FC9537DF}.DebugGraph|Mixed Platforms.ActiveCfg = Debug|x86
		{E12C25C5-C092-41D8-A5A6-2FA2FC9537DF}.DebugGraph|Mixed Platforms.Build.0 = Debug|x86
		{E12C25C5-C092-41D8-A5A6-2FA2FC9537DF}.DebugGraph|x86.ActiveCfg = Debug|x86
		{E12C25C5-C092-41D8-A5A6-2FA2FC9537DF}.DebugGraph|x86.Build.0 = Debug|x86
		{E12C25C5-C092-41D8-A5A6-2FA2FC9537DF}.DebugPeak|Any CPU.ActiveCfg = Debug|x86
		{E12C25C5-C092-41D8-A5A6-2FA2FC9537DF}.DebugPeak|Mixed Platforms.ActiveCfg = Debug|x86
		{E12C25C5-C092-41D8-A5A6-2FA2FC9537DF}.DebugPeak|Mixed Platforms.Build.0 = Debug|x86
		{E12C25C5-C092-41D8-A5A6-2FA2FC9537DF}.DebugPeak|x86.ActiveCfg = Debug|x86
		{E12C25C5-C092-41D8-A5A6-2FA2FC9537DF}.DebugPeak|x86.Build.0 = Debug|x86
		{E12C25C5-C092-41D8-A5A6-2FA2FC9537DF}.DebugVCAN|Any CPU.ActiveCfg = Debug|x86
		{E12C25C5-C092-41D8-A5A6-2FA2FC9537DF}.DebugVCAN|Mixed Platforms.ActiveCfg = Debug|x86
		{E12C25C5-C092-41D8-A5A6-2FA2FC9537DF}.DebugVCAN|Mixed Platforms.Build.0 = Debug|x86
		{E12C25C5-C092-41D8-A5A6-2FA2FC9537DF}.DebugVCAN|x86.ActiveCfg = Debug|x86
		{E12C25C5-C092-41D8-A5A6-2FA2FC9537DF}.DebugVCAN|x86.Build.0 = Debug|x86
		{E12C25C5-C092-41D8-A5A6-2FA2FC9537DF}.Release PC Version|Any CPU.ActiveCfg = Release|x86
		{E12C25C5-C092-41D8-A5A6-2FA2FC9537DF}.Release PC Version|Mixed Platforms.ActiveCfg = Release|x86
		{E12C25C5-C092-41D8-A5A6-2FA2FC9537DF}.Release PC Version|Mixed Platforms.Build.0 = Release|x86
		{E12C25C5-C092-41D8-A5A6-2FA2FC9537DF}.Release PC Version|x86.ActiveCfg = Release|x86
		{E12C25C5-C092-41D8-A5A6-2FA2FC9537DF}.Release PC Version|x86.Build.0 = Release|x86
		{E12C25C5-C092-41D8-A5A6-2FA2FC9537DF}.Release_noNI|Any CPU.ActiveCfg = Release|x86
		{E12C25C5-C092-41D8-A5A6-2FA2FC9537DF}.Release_noNI|Mixed Platforms.ActiveCfg = Release|x86
		{E12C25C5-C092-41D8-A5A6-2FA2FC9537DF}.Release_noNI|Mixed Platforms.Build.0 = Release|x86
		{E12C25C5-C092-41D8-A5A6-2FA2FC9537DF}.Release_noNI|x86.ActiveCfg = Release|x86
		{E12C25C5-C092-41D8-A5A6-2FA2FC9537DF}.Release_noNI|x86.Build.0 = Release|x86
		{E12C25C5-C092-41D8-A5A6-2FA2FC9537DF}.Release|Any CPU.ActiveCfg = Release|x86
		{E12C25C5-C092-41D8-A5A6-2FA2FC9537DF}.Release|Mixed Platforms.ActiveCfg = Release|x86
		{E12C25C5-C092-41D8-A5A6-2FA2FC9537DF}.Release|Mixed Platforms.Build.0 = Release|x86
		{E12C25C5-C092-41D8-A5A6-2FA2FC9537DF}.Release|x86.ActiveCfg = Release|x86
		{E12C25C5-C092-41D8-A5A6-2FA2FC9537DF}.Release|x86.Build.0 = Release|x86
		{E12C25C5-C092-41D8-A5A6-2FA2FC9537DF}.ReleasePeak|Any CPU.ActiveCfg = Release|x86
		{E12C25C5-C092-41D8-A5A6-2FA2FC9537DF}.ReleasePeak|Mixed Platforms.ActiveCfg = Release|x86
		{E12C25C5-C092-41D8-A5A6-2FA2FC9537DF}.ReleasePeak|Mixed Platforms.Build.0 = Release|x86
		{E12C25C5-C092-41D8-A5A6-2FA2FC9537DF}.ReleasePeak|x86.ActiveCfg = Release|x86
		{E12C25C5-C092-41D8-A5A6-2FA2FC9537DF}.ReleasePeak|x86.Build.0 = Release|x86
		{3C1472AA-BD69-40E3-B226-0B172275FAB5}.Debug Auto|Any CPU.ActiveCfg = Debug Auto|Any CPU
		{3C1472AA-BD69-40E3-B226-0B172275FAB5}.Debug Auto|Any CPU.Build.0 = Debug Auto|Any CPU
		{3C1472AA-BD69-40E3-B226-0B172275FAB5}.Debug Auto|Mixed Platforms.ActiveCfg = Debug Auto|Any CPU
		{3C1472AA-BD69-40E3-B226-0B172275FAB5}.Debug Auto|Mixed Platforms.Build.0 = Debug Auto|Any CPU
		{3C1472AA-BD69-40E3-B226-0B172275FAB5}.Debug Auto|x86.ActiveCfg = Debug Auto|Any CPU
		{3C1472AA-BD69-40E3-B226-0B172275FAB5}.Debug Batch|Any CPU.ActiveCfg = Debug Batch|Any CPU
		{3C1472AA-BD69-40E3-B226-0B172275FAB5}.Debug Batch|Any CPU.Build.0 = Debug Batch|Any CPU
		{3C1472AA-BD69-40E3-B226-0B172275FAB5}.Debug Batch|Mixed Platforms.ActiveCfg = Debug Batch|Any CPU
		{3C1472AA-BD69-40E3-B226-0B172275FAB5}.Debug Batch|Mixed Platforms.Build.0 = Debug Batch|Any CPU
		{3C1472AA-BD69-40E3-B226-0B172275FAB5}.Debug Batch|x86.ActiveCfg = Debug Batch|Any CPU
		{3C1472AA-BD69-40E3-B226-0B172275FAB5}.Debug Output|Any CPU.ActiveCfg = Debug Output|Any CPU
		{3C1472AA-BD69-40E3-B226-0B172275FAB5}.Debug Output|Any CPU.Build.0 = Debug Output|Any CPU
		{3C1472AA-BD69-40E3-B226-0B172275FAB5}.Debug Output|Mixed Platforms.ActiveCfg = Debug Output|Any CPU
		{3C1472AA-BD69-40E3-B226-0B172275FAB5}.Debug Output|Mixed Platforms.Build.0 = Debug Output|Any CPU
		{3C1472AA-BD69-40E3-B226-0B172275FAB5}.Debug Output|x86.ActiveCfg = Debug Output|Any CPU
		{3C1472AA-BD69-40E3-B226-0B172275FAB5}.Debug PC Version|Any CPU.ActiveCfg = Debug PC Version|Any CPU
		{3C1472AA-BD69-40E3-B226-0B172275FAB5}.Debug PC Version|Any CPU.Build.0 = Debug PC Version|Any CPU
		{3C1472AA-BD69-40E3-B226-0B172275FAB5}.Debug PC Version|Mixed Platforms.ActiveCfg = Debug PC Version|Any CPU
		{3C1472AA-BD69-40E3-B226-0B172275FAB5}.Debug PC Version|Mixed Platforms.Build.0 = Debug PC Version|Any CPU
		{3C1472AA-BD69-40E3-B226-0B172275FAB5}.Debug PC Version|x86.ActiveCfg = Debug PC Version|Any CPU
		{3C1472AA-BD69-40E3-B226-0B172275FAB5}.Debug XML|Any CPU.ActiveCfg = Debug XML|Any CPU
		{3C1472AA-BD69-40E3-B226-0B172275FAB5}.Debug XML|Any CPU.Build.0 = Debug XML|Any CPU
		{3C1472AA-BD69-40E3-B226-0B172275FAB5}.Debug XML|Mixed Platforms.ActiveCfg = Debug XML|Any CPU
		{3C1472AA-BD69-40E3-B226-0B172275FAB5}.Debug XML|Mixed Platforms.Build.0 = Debug XML|Any CPU
		{3C1472AA-BD69-40E3-B226-0B172275FAB5}.Debug XML|x86.ActiveCfg = Debug XML|Any CPU
		{3C1472AA-BD69-40E3-B226-0B172275FAB5}.Debug_noNI|Any CPU.ActiveCfg = Debug_noNI|Any CPU
		{3C1472AA-BD69-40E3-B226-0B172275FAB5}.Debug_noNI|Any CPU.Build.0 = Debug_noNI|Any CPU
		{3C1472AA-BD69-40E3-B226-0B172275FAB5}.Debug_noNI|Mixed Platforms.ActiveCfg = Debug_noNI|Any CPU
		{3C1472AA-BD69-40E3-B226-0B172275FAB5}.Debug_noNI|Mixed Platforms.Build.0 = Debug_noNI|Any CPU
		{3C1472AA-BD69-40E3-B226-0B172275FAB5}.Debug_noNI|x86.ActiveCfg = Debug_noNI|Any CPU
		{3C1472AA-BD69-40E3-B226-0B172275FAB5}.Debug_USBCAN|Any CPU.ActiveCfg = Debug_USBCAN|Any CPU
		{3C1472AA-BD69-40E3-B226-0B172275FAB5}.Debug_USBCAN|Any CPU.Build.0 = Debug_USBCAN|Any CPU
		{3C1472AA-BD69-40E3-B226-0B172275FAB5}.Debug_USBCAN|Mixed Platforms.ActiveCfg = Debug_USBCAN|Any CPU
		{3C1472AA-BD69-40E3-B226-0B172275FAB5}.Debug_USBCAN|Mixed Platforms.Build.0 = Debug_USBCAN|Any CPU
		{3C1472AA-BD69-40E3-B226-0B172275FAB5}.Debug_USBCAN|x86.ActiveCfg = Debug_USBCAN|Any CPU
		{3C1472AA-BD69-40E3-B226-0B172275FAB5}.Debug|Any CPU.ActiveCfg = Debug|Any CPU
		{3C1472AA-BD69-40E3-B226-0B172275FAB5}.Debug|Any CPU.Build.0 = Debug|Any CPU
		{3C1472AA-BD69-40E3-B226-0B172275FAB5}.Debug|Mixed Platforms.ActiveCfg = Debug|Any CPU
		{3C1472AA-BD69-40E3-B226-0B172275FAB5}.Debug|Mixed Platforms.Build.0 = Debug|Any CPU
		{3C1472AA-BD69-40E3-B226-0B172275FAB5}.Debug|x86.ActiveCfg = Debug|Any CPU
		{3C1472AA-BD69-40E3-B226-0B172275FAB5}.DebugAuto|Any CPU.ActiveCfg = DebugAuto|Any CPU
		{3C1472AA-BD69-40E3-B226-0B172275FAB5}.DebugAuto|Any CPU.Build.0 = DebugAuto|Any CPU
		{3C1472AA-BD69-40E3-B226-0B172275FAB5}.DebugAuto|Mixed Platforms.ActiveCfg = DebugAuto|Any CPU
		{3C1472AA-BD69-40E3-B226-0B172275FAB5}.DebugAuto|Mixed Platforms.Build.0 = DebugAuto|Any CPU
		{3C1472AA-BD69-40E3-B226-0B172275FAB5}.DebugAuto|x86.ActiveCfg = DebugAuto|Any CPU
		{3C1472AA-BD69-40E3-B226-0B172275FAB5}.DebugGraph|Any CPU.ActiveCfg = DebugGraph|Any CPU
		{3C1472AA-BD69-40E3-B226-0B172275FAB5}.DebugGraph|Any CPU.Build.0 = DebugGraph|Any CPU
		{3C1472AA-BD69-40E3-B226-0B172275FAB5}.DebugGraph|Mixed Platforms.ActiveCfg = DebugGraph|Any CPU
		{3C1472AA-BD69-40E3-B226-0B172275FAB5}.DebugGraph|Mixed Platforms.Build.0 = DebugGraph|Any CPU
		{3C1472AA-BD69-40E3-B226-0B172275FAB5}.DebugGraph|x86.ActiveCfg = DebugGraph|Any CPU
		{3C1472AA-BD69-40E3-B226-0B172275FAB5}.DebugPeak|Any CPU.ActiveCfg = DebugPeak|Any CPU
		{3C1472AA-BD69-40E3-B226-0B172275FAB5}.DebugPeak|Any CPU.Build.0 = DebugPeak|Any CPU
		{3C1472AA-BD69-40E3-B226-0B172275FAB5}.DebugPeak|Mixed Platforms.ActiveCfg = DebugPeak|Any CPU
		{3C1472AA-BD69-40E3-B226-0B172275FAB5}.DebugPeak|Mixed Platforms.Build.0 = DebugPeak|Any CPU
		{3C1472AA-BD69-40E3-B226-0B172275FAB5}.DebugPeak|x86.ActiveCfg = DebugPeak|Any CPU
		{3C1472AA-BD69-40E3-B226-0B172275FAB5}.DebugVCAN|Any CPU.ActiveCfg = DebugVCAN|Any CPU
		{3C1472AA-BD69-40E3-B226-0B172275FAB5}.DebugVCAN|Any CPU.Build.0 = DebugVCAN|Any CPU
		{3C1472AA-BD69-40E3-B226-0B172275FAB5}.DebugVCAN|Mixed Platforms.ActiveCfg = DebugVCAN|Any CPU
		{3C1472AA-BD69-40E3-B226-0B172275FAB5}.DebugVCAN|Mixed Platforms.Build.0 = DebugVCAN|Any CPU
		{3C1472AA-BD69-40E3-B226-0B172275FAB5}.DebugVCAN|x86.ActiveCfg = DebugVCAN|Any CPU
		{3C1472AA-BD69-40E3-B226-0B172275FAB5}.Release PC Version|Any CPU.ActiveCfg = Release PC Version|Any CPU
		{3C1472AA-BD69-40E3-B226-0B172275FAB5}.Release PC Version|Any CPU.Build.0 = Release PC Version|Any CPU
		{3C1472AA-BD69-40E3-B226-0B172275FAB5}.Release PC Version|Mixed Platforms.ActiveCfg = Release PC Version|Any CPU
		{3C1472AA-BD69-40E3-B226-0B172275FAB5}.Release PC Version|Mixed Platforms.Build.0 = Release PC Version|Any CPU
		{3C1472AA-BD69-40E3-B226-0B172275FAB5}.Release PC Version|x86.ActiveCfg = Release PC Version|Any CPU
		{3C1472AA-BD69-40E3-B226-0B172275FAB5}.Release_noNI|Any CPU.ActiveCfg = Release_noNI|Any CPU
		{3C1472AA-BD69-40E3-B226-0B172275FAB5}.Release_noNI|Any CPU.Build.0 = Release_noNI|Any CPU
		{3C1472AA-BD69-40E3-B226-0B172275FAB5}.Release_noNI|Mixed Platforms.ActiveCfg = Release_noNI|Any CPU
		{3C1472AA-BD69-40E3-B226-0B172275FAB5}.Release_noNI|Mixed Platforms.Build.0 = Release_noNI|Any CPU
		{3C1472AA-BD69-40E3-B226-0B172275FAB5}.Release_noNI|x86.ActiveCfg = Release_noNI|Any CPU
		{3C1472AA-BD69-40E3-B226-0B172275FAB5}.Release|Any CPU.ActiveCfg = Release|Any CPU
		{3C1472AA-BD69-40E3-B226-0B172275FAB5}.Release|Any CPU.Build.0 = Release|Any CPU
		{3C1472AA-BD69-40E3-B226-0B172275FAB5}.Release|Mixed Platforms.ActiveCfg = Release|Any CPU
		{3C1472AA-BD69-40E3-B226-0B172275FAB5}.Release|Mixed Platforms.Build.0 = Release|Any CPU
		{3C1472AA-BD69-40E3-B226-0B172275FAB5}.Release|x86.ActiveCfg = Release|Any CPU
		{3C1472AA-BD69-40E3-B226-0B172275FAB5}.ReleasePeak|Any CPU.ActiveCfg = ReleasePeak|Any CPU
		{3C1472AA-BD69-40E3-B226-0B172275FAB5}.ReleasePeak|Any CPU.Build.0 = ReleasePeak|Any CPU
		{3C1472AA-BD69-40E3-B226-0B172275FAB5}.ReleasePeak|Mixed Platforms.ActiveCfg = ReleasePeak|Any CPU
		{3C1472AA-BD69-40E3-B226-0B172275FAB5}.ReleasePeak|Mixed Platforms.Build.0 = ReleasePeak|Any CPU
		{3C1472AA-BD69-40E3-B226-0B172275FAB5}.ReleasePeak|x86.ActiveCfg = ReleasePeak|Any CPU
	EndGlobalSection
	GlobalSection(SolutionProperties) = preSolution
		HideSolutionNode = FALSE
	EndGlobalSection
EndGlobal
